{
  "name": "node-tfidf",
  "version": "0.0.1",
  "lockfileVersion": 3,
  "requires": true,
  "packages": {
    "": {
      "name": "node-tfidf",
      "version": "0.0.1",
      "license": "MIT",
      "dependencies": {
        "node-vntokenizer": "0.0.1",
        "underscore": "^1.8.3",
        "vietnamese-stopwords": "0.0.2"
      }
    },
    "node_modules/lodash": {
      "version": "3.10.1",
      "resolved": "https://registry.npmjs.org/lodash/-/lodash-3.10.1.tgz",
      "integrity": "sha512-9mDDwqVIma6OZX79ZlDACZl8sBm0TEnkf99zV3iMA4GzkIT/9hiqP5mY0HoT1iNLCrKc/R1HByV+yJfRWVJryQ==",
      "license": "MIT"
    },
    "node_modules/node-vntokenizer": {
      "version": "0.0.1",
      "resolved": "https://registry.npmjs.org/node-vntokenizer/-/node-vntokenizer-0.0.1.tgz",
      "integrity": "sha512-0eabk8RaKk0DfMozNJOdbJzcB34KWqet7FgCBVdvuVHcaFiQ//XPX2s2CntMjbbc5CMtgTKuWSm2uxyyj3AXWg==",
      "license": "MIT",
      "dependencies": {
        "lodash": "^3.10.1",
        "underscore": "^1.8.3"
      }
    },
    "node_modules/underscore": {
      "version": "1.13.7",
      "resolved": "https://registry.npmjs.org/underscore/-/underscore-1.13.7.tgz",
      "integrity": "sha512-GMXzWtsc57XAtguZgaQViUOzs0KTkk8ojr3/xAxXLITqf/3EMwxC0inyETfDFjH/Krbhuep0HNbbjI9i/q3F3g==",
      "license": "MIT"
    },
    "node_modules/vietnamese-stopwords": {
      "version": "0.0.2",
      "resolved": "https://registry.npmjs.org/vietnamese-stopwords/-/vietnamese-stopwords-0.0.2.tgz",
      "integrity": "sha512-4kbrxAi+sRTWKR0bsn0xLTBhSPYwN3QEaLAfdTymHNjz+mD8NBIWtTdKJjV+YvLsrlWxY+8FuS17nPSMAZa2vg==",
      "license": "MIT"
    }
  }
}
